
Microsoft Visual Studio Solution File, Format Version 12.00
# Visual Studio Version 17
VisualStudioVersion = 17.11.35219.272
MinimumVisualStudioVersion = 10.0.40219.1
Project("{FAE04EC0-301F-11D3-BF4B-00C04F79EFBC}") = "DiscosApp", "DiscosApp\DiscosApp.csproj", "{92B962A8-19BC-4ACE-A8D3-FF28CAF5376C}"
EndProject
Project("{FAE04EC0-301F-11D3-BF4B-00C04F79EFBC}") = "dominio", "dominio\dominio.csproj", "{FC3BEC05-2AC6-42DA-B25F-562D84F9802B}"
EndProject
Project("{FAE04EC0-301F-11D3-BF4B-00C04F79EFBC}") = "tienda", "tienda\tienda.csproj", "{DD3647C9-0031-433C-BA4E-9AD7F665E87F}"
EndProject
Global
	GlobalSection(SolutionConfigurationPlatforms) = preSolution
		Debug|Any CPU = Debug|Any CPU
		Release|Any CPU = Release|Any CPU
	EndGlobalSection
	GlobalSection(ProjectConfigurationPlatforms) = postSolution
		{92B962A8-19BC-4ACE-A8D3-FF28CAF5376C}.Debug|Any CPU.ActiveCfg = Debug|Any CPU
		{92B962A8-19BC-4ACE-A8D3-FF28CAF5376C}.Debug|Any CPU.Build.0 = Debug|Any CPU
		{92B962A8-19BC-4ACE-A8D3-FF28CAF5376C}.Release|Any CPU.ActiveCfg = Release|Any CPU
		{92B962A8-19BC-4ACE-A8D3-FF28CAF5376C}.Release|Any CPU.Build.0 = Release|Any CPU
		{FC3BEC05-2AC6-42DA-B25F-562D84F9802B}.Debug|Any CPU.ActiveCfg = Debug|Any CPU
		{FC3BEC05-2AC6-42DA-B25F-562D84F9802B}.Debug|Any CPU.Build.0 = Debug|Any CPU
		{FC3BEC05-2AC6-42DA-B25F-562D84F9802B}.Release|Any CPU.ActiveCfg = Release|Any CPU
		{FC3BEC05-2AC6-42DA-B25F-562D84F9802B}.Release|Any CPU.Build.0 = Release|Any CPU
		{DD3647C9-0031-433C-BA4E-9AD7F665E87F}.Debug|Any CPU.ActiveCfg = Debug|Any CPU
		{DD3647C9-0031-433C-BA4E-9AD7F665E87F}.Debug|Any CPU.Build.0 = Debug|Any CPU
		{DD3647C9-0031-433C-BA4E-9AD7F665E87F}.Release|Any CPU.ActiveCfg = Release|Any CPU
		{DD3647C9-0031-433C-BA4E-9AD7F665E87F}.Release|Any CPU.Build.0 = Release|Any CPU
	EndGlobalSection
	GlobalSection(SolutionProperties) = preSolution
		HideSolutionNode = FALSE
	EndGlobalSection
	GlobalSection(ExtensibilityGlobals) = postSolution
		SolutionGuid = {70CB7786-36DB-4C83-BC17-50C54DC1C981}
	EndGlobalSection
EndGlobal
